
Microsoft Visual Studio Solution File, Format Version 12.00
# Visual Studio Version 17
VisualStudioVersion = 17.6.33723.286
MinimumVisualStudioVersion = 10.0.40219.1
Project("{FAE04EC0-301F-11D3-BF4B-00C04F79EFBC}") = "EjemploGit", "EjemploGit\EjemploGit.csproj", "{75D372C3-2E0C-45EF-BA4F-FC73522EEE42}"
EndProject
Global
	GlobalSection(SolutionConfigurationPlatforms) = preSolution
		Debug|Any CPU = Debug|Any CPU
		Release|Any CPU = Release|Any CPU
	EndGlobalSection
	GlobalSection(ProjectConfigurationPlatforms) = postSolution
		{75D372C3-2E0C-45EF-BA4F-FC73522EEE42}.Debug|Any CPU.ActiveCfg = Debug|Any CPU
		{75D372C3-2E0C-45EF-BA4F-FC73522EEE42}.Debug|Any CPU.Build.0 = Debug|Any CPU
		{75D372C3-2E0C-45EF-BA4F-FC73522EEE42}.Release|Any CPU.ActiveCfg = Release|Any CPU
		{75D372C3-2E0C-45EF-BA4F-FC73522EEE42}.Release|Any CPU.Build.0 = Release|Any CPU
	EndGlobalSection
	GlobalSection(SolutionProperties) = preSolution
		HideSolutionNode = FALSE
	EndGlobalSection
	GlobalSection(ExtensibilityGlobals) = postSolution
		SolutionGuid = {5624DCB3-E4DB-4523-B041-7D21233568BE}
	EndGlobalSection
EndGlobal
